
Microsoft Visual Studio Solution File, Format Version 12.00
# Visual Studio Version 17
VisualStudioVersion = 17.6.33723.286
MinimumVisualStudioVersion = 10.0.40219.1
Project("{FAE04EC0-301F-11D3-BF4B-00C04F79EFBC}") = "Ispit.Model", "..\Ispit.Model\Ispit.Model.csproj", "{08B4B50A-A4B5-4A22-BC05-F6659CE8B1F5}"
EndProject
Project("{FAE04EC0-301F-11D3-BF4B-00C04F79EFBC}") = "Ispit.Konzola", "..\Ispit.Konzola\Ispit.Konzola.csproj", "{692DF7C8-9ABF-4F51-9A16-0FD5B08D90F1}"
EndProject
Global
	GlobalSection(SolutionConfigurationPlatforms) = preSolution
		Debug|Any CPU = Debug|Any CPU
		Release|Any CPU = Release|Any CPU
	EndGlobalSection
	GlobalSection(ProjectConfigurationPlatforms) = postSolution
		{08B4B50A-A4B5-4A22-BC05-F6659CE8B1F5}.Debug|Any CPU.ActiveCfg = Debug|Any CPU
		{08B4B50A-A4B5-4A22-BC05-F6659CE8B1F5}.Debug|Any CPU.Build.0 = Debug|Any CPU
		{08B4B50A-A4B5-4A22-BC05-F6659CE8B1F5}.Release|Any CPU.ActiveCfg = Release|Any CPU
		{08B4B50A-A4B5-4A22-BC05-F6659CE8B1F5}.Release|Any CPU.Build.0 = Release|Any CPU
		{692DF7C8-9ABF-4F51-9A16-0FD5B08D90F1}.Debug|Any CPU.ActiveCfg = Debug|Any CPU
		{692DF7C8-9ABF-4F51-9A16-0FD5B08D90F1}.Debug|Any CPU.Build.0 = Debug|Any CPU
		{692DF7C8-9ABF-4F51-9A16-0FD5B08D90F1}.Release|Any CPU.ActiveCfg = Release|Any CPU
		{692DF7C8-9ABF-4F51-9A16-0FD5B08D90F1}.Release|Any CPU.Build.0 = Release|Any CPU
	EndGlobalSection
	GlobalSection(SolutionProperties) = preSolution
		HideSolutionNode = FALSE
	EndGlobalSection
	GlobalSection(ExtensibilityGlobals) = postSolution
		SolutionGuid = {1F19F9C6-BF90-478B-B320-53F820983D21}
	EndGlobalSection
EndGlobal
